// !$*UTF8*$!
{
	archiveVersion = 1;
	classes = {
	};
	objectVersion = 51;
	objects = {

/* Begin PBXBuildFile section */
		40A3027494ED220091F6719F /* Pods_wills.framework in Frameworks */ = {isa = PBXBuildFile; fileRef = 5791AC9669748ECBE01F4AED /* Pods_wills.framework */; };
		F566278424AC72C900ED0637 /* AppDelegate.swift in Sources */ = {isa = PBXBuildFile; fileRef = F566278324AC72C900ED0637 /* AppDelegate.swift */; };
		F566278624AC72C900ED0637 /* SceneDelegate.swift in Sources */ = {isa = PBXBuildFile; fileRef = F566278524AC72C900ED0637 /* SceneDelegate.swift */; };
		F566278824AC72C900ED0637 /* ViewController.swift in Sources */ = {isa = PBXBuildFile; fileRef = F566278724AC72C900ED0637 /* ViewController.swift */; };
		F566278B24AC72C900ED0637 /* Main.storyboard in Resources */ = {isa = PBXBuildFile; fileRef = F566278924AC72C900ED0637 /* Main.storyboard */; };
		F566278D24AC72CB00ED0637 /* Assets.xcassets in Resources */ = {isa = PBXBuildFile; fileRef = F566278C24AC72CB00ED0637 /* Assets.xcassets */; };
		F566279024AC72CB00ED0637 /* LaunchScreen.storyboard in Resources */ = {isa = PBXBuildFile; fileRef = F566278E24AC72CB00ED0637 /* LaunchScreen.storyboard */; };
		F566279824AC73CD00ED0637 /* IMG_1506.PNG in Resources */ = {isa = PBXBuildFile; fileRef = F566279724AC73CC00ED0637 /* IMG_1506.PNG */; };
		F566279C24AC75BF00ED0637 /* NetworkTools.swift in Sources */ = {isa = PBXBuildFile; fileRef = F566279B24AC75BF00ED0637 /* NetworkTools.swift */; };
/* End PBXBuildFile section */

/* Begin PBXFileReference section */
		19E44CFAAB5F6D6594EA036F /* Pods-wills.release.xcconfig */ = {isa = PBXFileReference; includeInIndex = 1; lastKnownFileType = text.xcconfig; name = "Pods-wills.release.xcconfig"; path = "Target Support Files/Pods-wills/Pods-wills.release.xcconfig"; sourceTree = "<group>"; };
		39CDE9AC325939CDD14CB689 /* Pods-wills.debug.xcconfig */ = {isa = PBXFileReference; includeInIndex = 1; lastKnownFileType = text.xcconfig; name = "Pods-wills.debug.xcconfig"; path = "Target Support Files/Pods-wills/Pods-wills.debug.xcconfig"; sourceTree = "<group>"; };
		5791AC9669748ECBE01F4AED /* Pods_wills.framework */ = {isa = PBXFileReference; explicitFileType = wrapper.framework; includeInIndex = 0; path = Pods_wills.framework; sourceTree = BUILT_PRODUCTS_DIR; };
		F566278024AC72C900ED0637 /* wills.app */ = {isa = PBXFileReference; explicitFileType = wrapper.application; includeInIndex = 0; path = wills.app; sourceTree = BUILT_PRODUCTS_DIR; };
		F566278324AC72C900ED0637 /* AppDelegate.swift */ = {isa = PBXFileReference; lastKnownFileType = sourcecode.swift; path = AppDelegate.swift; sourceTree = "<group>"; };
		F566278524AC72C900ED0637 /* SceneDelegate.swift */ = {isa = PBXFileReference; lastKnownFileType = sourcecode.swift; path = SceneDelegate.swift; sourceTree = "<group>"; };
		F566278724AC72C900ED0637 /* ViewController.swift */ = {isa = PBXFileReference; lastKnownFileType = sourcecode.swift; path = ViewController.swift; sourceTree = "<group>"; };
		F566278A24AC72C900ED0637 /* Base */ = {isa = PBXFileReference; lastKnownFileType = file.storyboard; name = Base; path = Base.lproj/Main.storyboard; sourceTree = "<group>"; };
		F566278C24AC72CB00ED0637 /* Assets.xcassets */ = {isa = PBXFileReference; lastKnownFileType = folder.assetcatalog; path = Assets.xcassets; sourceTree = "<group>"; };
		F566278F24AC72CB00ED0637 /* Base */ = {isa = PBXFileReference; lastKnownFileType = file.storyboard; name = Base; path = Base.lproj/LaunchScreen.storyboard; sourceTree = "<group>"; };
		F566279124AC72CB00ED0637 /* Info.plist */ = {isa = PBXFileReference; lastKnownFileType = text.plist.xml; path = Info.plist; sourceTree = "<group>"; };
		F566279724AC73CC00ED0637 /* IMG_1506.PNG */ = {isa = PBXFileReference; lastKnownFileType = image.png; path = IMG_1506.PNG; sourceTree = "<group>"; };
		F566279B24AC75BF00ED0637 /* NetworkTools.swift */ = {isa = PBXFileReference; fileEncoding = 4; lastKnownFileType = sourcecode.swift; path = NetworkTools.swift; sourceTree = "<group>"; };
/* End PBXFileReference section */

/* Begin PBXFrameworksBuildPhase section */
		F566277D24AC72C900ED0637 /* Frameworks */ = {
			isa = PBXFrameworksBuildPhase;
			buildActionMask = 2147483647;
			files = (
				40A3027494ED220091F6719F /* Pods_wills.framework in Frameworks */,
			);
			runOnlyForDeploymentPostprocessing = 0;
		};
/* End PBXFrameworksBuildPhase section */

/* Begin PBXGroup section */
		72795131987DD87723977699 /* Frameworks */ = {
			isa = PBXGroup;
			children = (
				5791AC9669748ECBE01F4AED /* Pods_wills.framework */,
			);
			name = Frameworks;
			sourceTree = "<group>";
		};
		A40FE31A774F6E9E83C43475 /* Pods */ = {
			isa = PBXGroup;
			children = (
				39CDE9AC325939CDD14CB689 /* Pods-wills.debug.xcconfig */,
				19E44CFAAB5F6D6594EA036F /* Pods-wills.release.xcconfig */,
			);
			path = Pods;
			sourceTree = "<group>";
		};
		F566277724AC72C900ED0637 = {
			isa = PBXGroup;
			children = (
				F566278224AC72C900ED0637 /* wills */,
				F566278124AC72C900ED0637 /* Products */,
				A40FE31A774F6E9E83C43475 /* Pods */,
				72795131987DD87723977699 /* Frameworks */,
			);
			sourceTree = "<group>";
		};
		F566278124AC72C900ED0637 /* Products */ = {
			isa = PBXGroup;
			children = (
				F566278024AC72C900ED0637 /* wills.app */,
			);
			name = Products;
			sourceTree = "<group>";
		};
		F566278224AC72C900ED0637 /* wills */ = {
			isa = PBXGroup;
			children = (
				F566278324AC72C900ED0637 /* AppDelegate.swift */,
				F566278524AC72C900ED0637 /* SceneDelegate.swift */,
				F566278724AC72C900ED0637 /* ViewController.swift */,
				F566279B24AC75BF00ED0637 /* NetworkTools.swift */,
				F566279724AC73CC00ED0637 /* IMG_1506.PNG */,
				F566278924AC72C900ED0637 /* Main.storyboard */,
				F566278C24AC72CB00ED0637 /* Assets.xcassets */,
				F566278E24AC72CB00ED0637 /* LaunchScreen.storyboard */,
				F566279124AC72CB00ED0637 /* Info.plist */,
			);
			path = wills;
			sourceTree = "<group>";
		};
/* End PBXGroup section */

/* Begin PBXNativeTarget section */
		F566277F24AC72C900ED0637 /* wills */ = {
			isa = PBXNativeTarget;
			buildConfigurationList = F566279424AC72CB00ED0637 /* Build configuration list for PBXNativeTarget "wills" */;
			buildPhases = (
				810A5246412506DAC516504C /* [CP] Check Pods Manifest.lock */,
				F566277C24AC72C900ED0637 /* Sources */,
				F566277D24AC72C900ED0637 /* Frameworks */,
				F566277E24AC72C900ED0637 /* Resources */,
				B48F38D991AAC2F500816DE1 /* [CP] Embed Pods Frameworks */,
			);
			buildRules = (
			);
			dependencies = (
			);
			name = wills;
			productName = wills;
			productReference = F566278024AC72C900ED0637 /* wills.app */;
			productType = "com.apple.product-type.application";
		};
/* End PBXNativeTarget section */

/* Begin PBXProject section */
		F566277824AC72C900ED0637 /* Project object */ = {
			isa = PBXProject;
			attributes = {
				LastSwiftUpdateCheck = 1150;
				LastUpgradeCheck = 1150;
				ORGANIZATIONNAME = "许一宁";
				TargetAttributes = {
					F566277F24AC72C900ED0637 = {
						CreatedOnToolsVersion = 11.5;
					};
				};
			};
			buildConfigurationList = F566277B24AC72C900ED0637 /* Build configuration list for PBXProject "wills" */;
			compatibilityVersion = "Xcode 9.3";
			developmentRegion = en;
			hasScannedForEncodings = 0;
			knownRegions = (
				en,
				Base,
			);
			mainGroup = F566277724AC72C900ED0637;
			productRefGroup = F566278124AC72C900ED0637 /* Products */;
			projectDirPath = "";
			projectRoot = "";
			targets = (
				F566277F24AC72C900ED0637 /* wills */,
			);
		};
/* End PBXProject section */

/* Begin PBXResourcesBuildPhase section */
		F566277E24AC72C900ED0637 /* Resources */ = {
			isa = PBXResourcesBuildPhase;
			buildActionMask = 2147483647;
			files = (
				F566279024AC72CB00ED0637 /* LaunchScreen.storyboard in Resources */,
				F566278D24AC72CB00ED0637 /* Assets.xcassets in Resources */,
				F566278B24AC72C900ED0637 /* Main.storyboard in Resources */,
				F566279824AC73CD00ED0637 /* IMG_1506.PNG in Resources */,
			);
			runOnlyForDeploymentPostprocessing = 0;
		};
/* End PBXResourcesBuildPhase section */

/* Begin PBXShellScriptBuildPhase section */
		810A5246412506DAC516504C /* [CP] Check Pods Manifest.lock */ = {
			isa = PBXShellScriptBuildPhase;
			buildActionMask = 2147483647;
			files = (
			);
			inputFileListPaths = (
			);
			inputPaths = (
				"${PODS_PODFILE_DIR_PATH}/Podfile.lock",
				"${PODS_ROOT}/Manifest.lock",
			);
			name = "[CP] Check Pods Manifest.lock";
			outputFileListPaths = (
			);
			outputPaths = (
				"$(DERIVED_FILE_DIR)/Pods-wills-checkManifestLockResult.txt",
			);
			runOnlyForDeploymentPostprocessing = 0;
			shellPath = /bin/sh;
			shellScript = "diff \"${PODS_PODFILE_DIR_PATH}/Podfile.lock\" \"${PODS_ROOT}/Manifest.lock\" > /dev/null\nif [ $? != 0 ] ; then\n    # print error to STDERR\n    echo \"error: The sandbox is not in sync with the Podfile.lock. Run 'pod install' or update your CocoaPods installation.\" >&2\n    exit 1\nfi\n# This output is used by Xcode 'outputs' to avoid re-running this script phase.\necho \"SUCCESS\" > \"${SCRIPT_OUTPUT_FILE_0}\"\n";
			showEnvVarsInLog = 0;
		};
		B48F38D991AAC2F500816DE1 /* [CP] Embed Pods Frameworks */ = {
			isa = PBXShellScriptBuildPhase;
			buildActionMask = 2147483647;
			files = (
			);
			inputFileListPaths = (
				"${PODS_ROOT}/Target Support Files/Pods-wills/Pods-wills-frameworks-${CONFIGURATION}-input-files.xcfilelist",
			);
			name = "[CP] Embed Pods Frameworks";
			outputFileListPaths = (
				"${PODS_ROOT}/Target Support Files/Pods-wills/Pods-wills-frameworks-${CONFIGURATION}-output-files.xcfilelist",
			);
			runOnlyForDeploymentPostprocessing = 0;
			shellPath = /bin/sh;
			shellScript = "\"${PODS_ROOT}/Target Support Files/Pods-wills/Pods-wills-frameworks.sh\"\n";
			showEnvVarsInLog = 0;
		};
/* End PBXShellScriptBuildPhase section */

/* Begin PBXSourcesBuildPhase section */
		F566277C24AC72C900ED0637 /* Sources */ = {
			isa = PBXSourcesBuildPhase;
			buildActionMask = 2147483647;
			files = (
				F566279C24AC75BF00ED0637 /* NetworkTools.swift in Sources */,
				F566278824AC72C900ED0637 /* ViewController.swift in Sources */,
				F566278424AC72C900ED0637 /* AppDelegate.swift in Sources */,
				F566278624AC72C900ED0637 /* SceneDelegate.swift in Sources */,
			);
			runOnlyForDeploymentPostprocessing = 0;
		};
/* End PBXSourcesBuildPhase section */

/* Begin PBXVariantGroup section */
		F566278924AC72C900ED0637 /* Main.storyboard */ = {
			isa = PBXVariantGroup;
			children = (
				F566278A24AC72C900ED0637 /* Base */,
			);
			name = Main.storyboard;
			sourceTree = "<group>";
		};
		F566278E24AC72CB00ED0637 /* LaunchScreen.storyboard */ = {
			isa = PBXVariantGroup;
			children = (
				F566278F24AC72CB00ED0637 /* Base */,
			);
			name = LaunchScreen.storyboard;
			sourceTree = "<group>";
		};
/* End PBXVariantGroup section */

/* Begin XCBuildConfiguration section */
		F566279224AC72CB00ED0637 /* Debug */ = {
			isa = XCBuildConfiguration;
			buildSettings = {
				ALWAYS_SEARCH_USER_PATHS = NO;
				CLANG_ANALYZER_NONNULL = YES;
				CLANG_ANALYZER_NUMBER_OBJECT_CONVERSION = YES_AGGRESSIVE;
				CLANG_CXX_LANGUAGE_STANDARD = "gnu++14";
				CLANG_CXX_LIBRARY = "libc++";
				CLANG_ENABLE_MODULES = YES;
				CLANG_ENABLE_OBJC_ARC = YES;
				CLANG_ENABLE_OBJC_WEAK = YES;
				CLANG_WARN_BLOCK_CAPTURE_AUTORELEASING = YES;
				CLANG_WARN_BOOL_CONVERSION = YES;
				CLANG_WARN_COMMA = YES;
				CLANG_WARN_CONSTANT_CONVERSION = YES;
				CLANG_WARN_DEPRECATED_OBJC_IMPLEMENTATIONS = YES;
				CLANG_WARN_DIRECT_OBJC_ISA_USAGE = YES_ERROR;
				CLANG_WARN_DOCUMENTATION_COMMENTS = YES;
				CLANG_WARN_EMPTY_BODY = YES;
				CLANG_WARN_ENUM_CONVERSION = YES;
				CLANG_WARN_INFINITE_RECURSION = YES;
				CLANG_WARN_INT_CONVERSION = YES;
				CLANG_WARN_NON_LITERAL_NULL_CONVERSION = YES;
				CLANG_WARN_OBJC_IMPLICIT_RETAIN_SELF = YES;
				CLANG_WARN_OBJC_LITERAL_CONVERSION = YES;
				CLANG_WARN_OBJC_ROOT_CLASS = YES_ERROR;
				CLANG_WARN_RANGE_LOOP_ANALYSIS = YES;
				CLANG_WARN_STRICT_PROTOTYPES = YES;
				CLANG_WARN_SUSPICIOUS_MOVE = YES;
				CLANG_WARN_UNGUARDED_AVAILABILITY = YES_AGGRESSIVE;
				CLANG_WARN_UNREACHABLE_CODE = YES;
				CLANG_WARN__DUPLICATE_METHOD_MATCH = YES;
				COPY_PHASE_STRIP = NO;
				DEBUG_INFORMATION_FORMAT = dwarf;
				ENABLE_STRICT_OBJC_MSGSEND = YES;
				ENABLE_TESTABILITY = YES;
				GCC_C_LANGUAGE_STANDARD = gnu11;
				GCC_DYNAMIC_NO_PIC = NO;
				GCC_NO_COMMON_BLOCKS = YES;
				GCC_OPTIMIZATION_LEVEL = 0;
				GCC_PREPROCESSOR_DEFINITIONS = (
					"DEBUG=1",
					"$(inherited)",
				);
				GCC_WARN_64_TO_32_BIT_CONVERSION = YES;
				GCC_WARN_ABOUT_RETURN_TYPE = YES_ERROR;
				GCC_WARN_UNDECLARED_SELECTOR = YES;
				GCC_WARN_UNINITIALIZED_AUTOS = YES_AGGRESSIVE;
				GCC_WARN_UNUSED_FUNCTION = YES;
				GCC_WARN_UNUSED_VARIABLE = YES;
				IPHONEOS_DEPLOYMENT_TARGET = 13.5;
				MTL_ENABLE_DEBUG_INFO = INCLUDE_SOURCE;
				MTL_FAST_MATH = YES;
				ONLY_ACTIVE_ARCH = YES;
				SDKROOT = iphoneos;
				SWIFT_ACTIVE_COMPILATION_CONDITIONS = DEBUG;
				SWIFT_OPTIMIZATION_LEVEL = "-Onone";
			};
			name = Debug;
		};
		F566279324AC72CB00ED0637 /* Release */ = {
			isa = XCBuildConfiguration;
			buildSettings = {
				ALWAYS_SEARCH_USER_PATHS = NO;
				CLANG_ANALYZER_NONNULL = YES;
				CLANG_ANALYZER_NUMBER_OBJECT_CONVERSION = YES_AGGRESSIVE;
				CLANG_CXX_LANGUAGE_STANDARD = "gnu++14";
				CLANG_CXX_LIBRARY = "libc++";
				CLANG_ENABLE_MODULES = YES;
				CLANG_ENABLE_OBJC_ARC = YES;
				CLANG_ENABLE_OBJC_WEAK = YES;
				CLANG_WARN_BLOCK_CAPTURE_AUTORELEASING = YES;
				CLANG_WARN_BOOL_CONVERSION = YES;
				CLANG_WARN_COMMA = YES;
				CLANG_WARN_CONSTANT_CONVERSION = YES;
				CLANG_WARN_DEPRECATED_OBJC_IMPLEMENTATIONS = YES;
				CLANG_WARN_DIRECT_OBJC_ISA_USAGE = YES_ERROR;
				CLANG_WARN_DOCUMENTATION_COMMENTS = YES;
				CLANG_WARN_EMPTY_BODY = YES;
				CLANG_WARN_ENUM_CONVERSION = YES;
				CLANG_WARN_INFINITE_RECURSION = YES;
				CLANG_WARN_INT_CONVERSION = YES;
				CLANG_WARN_NON_LITERAL_NULL_CONVERSION = YES;
				CLANG_WARN_OBJC_IMPLICIT_RETAIN_SELF = YES;
				CLANG_WARN_OBJC_LITERAL_CONVERSION = YES;
				CLANG_WARN_OBJC_ROOT_CLASS = YES_ERROR;
				CLANG_WARN_RANGE_LOOP_ANALYSIS = YES;
				CLANG_WARN_STRICT_PROTOTYPES = YES;
				CLANG_WARN_SUSPICIOUS_MOVE = YES;
				CLANG_WARN_UNGUARDED_AVAILABILITY = YES_AGGRESSIVE;
				CLANG_WARN_UNREACHABLE_CODE = YES;
				CLANG_WARN__DUPLICATE_METHOD_MATCH = YES;
				COPY_PHASE_STRIP = NO;
				DEBUG_INFORMATION_FORMAT = "dwarf-with-dsym";
				ENABLE_NS_ASSERTIONS = NO;
				ENABLE_STRICT_OBJC_MSGSEND = YES;
				GCC_C_LANGUAGE_STANDARD = gnu11;
				GCC_NO_COMMON_BLOCKS = YES;
				GCC_WARN_64_TO_32_BIT_CONVERSION = YES;
				GCC_WARN_ABOUT_RETURN_TYPE = YES_ERROR;
				GCC_WARN_UNDECLARED_SELECTOR = YES;
				GCC_WARN_UNINITIALIZED_AUTOS = YES_AGGRESSIVE;
				GCC_WARN_UNUSED_FUNCTION = YES;
				GCC_WARN_UNUSED_VARIABLE = YES;
				IPHONEOS_DEPLOYMENT_TARGET = 13.5;
				MTL_ENABLE_DEBUG_INFO = NO;
				MTL_FAST_MATH = YES;
				SDKROOT = iphoneos;
				SWIFT_COMPILATION_MODE = wholemodule;
				SWIFT_OPTIMIZATION_LEVEL = "-O";
				VALIDATE_PRODUCT = YES;
			};
			name = Release;
		};
		F566279524AC72CB00ED0637 /* Debug */ = {
			isa = XCBuildConfiguration;
			baseConfigurationReference = 39CDE9AC325939CDD14CB689 /* Pods-wills.debug.xcconfig */;
			buildSettings = {
				ASSETCATALOG_COMPILER_APPICON_NAME = AppIcon;
				CODE_SIGN_STYLE = Automatic;
				DEVELOPMENT_TEAM = VWEN6QTM5A;
				INFOPLIST_FILE = wills/Info.plist;
				LD_RUNPATH_SEARCH_PATHS = (
					"$(inherited)",
					"@executable_path/Frameworks",
				);
				PRODUCT_BUNDLE_IDENTIFIER = com.yusun.mobilePhone;
				PRODUCT_NAME = "$(TARGET_NAME)";
				SWIFT_VERSION = 5.0;
				TARGETED_DEVICE_FAMILY = "1,2";
			};
			name = Debug;
		};
		F566279624AC72CB00ED0637 /* Release */ = {
			isa = XCBuildConfiguration;
			baseConfigurationReference = 19E44CFAAB5F6D6594EA036F /* Pods-wills.release.xcconfig */;
			buildSettings = {
				ASSETCATALOG_COMPILER_APPICON_NAME = AppIcon;
				CODE_SIGN_STYLE = Automatic;
				DEVELOPMENT_TEAM = VWEN6QTM5A;
				INFOPLIST_FILE = wills/Info.plist;
				LD_RUNPATH_SEARCH_PATHS = (
					"$(inherited)",
					"@executable_path/Frameworks",
				);
				PRODUCT_BUNDLE_IDENTIFIER = com.yusun.mobilePhone;
				PRODUCT_NAME = "$(TARGET_NAME)";
				SWIFT_VERSION = 5.0;
				TARGETED_DEVICE_FAMILY = "1,2";
			};
			name = Release;
		};
/* End XCBuildConfiguration section */

/* Begin XCConfigurationList section */
		F566277B24AC72C900ED0637 /* Build configuration list for PBXProject "wills" */ = {
			isa = XCConfigurationList;
			buildConfigurations = (
				F566279224AC72CB00ED0637 /* Debug */,
				F566279324AC72CB00ED0637 /* Release */,
			);
			defaultConfigurationIsVisible = 0;
			defaultConfigurationName = Release;
		};
		F566279424AC72CB00ED0637 /* Build configuration list for PBXNativeTarget "wills" */ = {
			isa = XCConfigurationList;
			buildConfigurations = (
				F566279524AC72CB00ED0637 /* Debug */,
				F566279624AC72CB00ED0637 /* Release */,
			);
			defaultConfigurationIsVisible = 0;
			defaultConfigurationName = Release;
		};
/* End XCConfigurationList section */
	};
	rootObject = F566277824AC72C900ED0637 /* Project object */;
}
