// !$*UTF8*$!
{
	archiveVersion = 1;
	classes = {
	};
	objectVersion = 51;
	objects = {

/* Begin PBXBuildFile section */
		D3D4BE5C353A7DA561B9CF95 /* Pods_DouYuTV.framework in Frameworks */ = {isa = PBXBuildFile; fileRef = B8107EBB091360DA78B457EF /* Pods_DouYuTV.framework */; };
		F5449EE924976E3D00EF73E5 /* RecommendViewController.swift in Sources */ = {isa = PBXBuildFile; fileRef = F5449EE824976E3D00EF73E5 /* RecommendViewController.swift */; };
		F5449EF024977F7800EF73E5 /* CollectionHeaderView.swift in Sources */ = {isa = PBXBuildFile; fileRef = F5449EEE24977F7800EF73E5 /* CollectionHeaderView.swift */; };
		F5449EF124977F7800EF73E5 /* CollectionHeaderView.xib in Resources */ = {isa = PBXBuildFile; fileRef = F5449EEF24977F7800EF73E5 /* CollectionHeaderView.xib */; };
		F5449EF42497828D00EF73E5 /* CollectionNormalCell.swift in Sources */ = {isa = PBXBuildFile; fileRef = F5449EF22497828D00EF73E5 /* CollectionNormalCell.swift */; };
		F5449EF52497828D00EF73E5 /* CollectionNormalCell.xib in Resources */ = {isa = PBXBuildFile; fileRef = F5449EF32497828D00EF73E5 /* CollectionNormalCell.xib */; };
		F5449EF82497868500EF73E5 /* CollectionPrettyCell.swift in Sources */ = {isa = PBXBuildFile; fileRef = F5449EF62497868500EF73E5 /* CollectionPrettyCell.swift */; };
		F5449EF92497868500EF73E5 /* CollectionPrettyCell.xib in Resources */ = {isa = PBXBuildFile; fileRef = F5449EF72497868500EF73E5 /* CollectionPrettyCell.xib */; };
		F5449EFD2498A6EF00EF73E5 /* NetworkTools.swift in Sources */ = {isa = PBXBuildFile; fileRef = F5449EFC2498A6EF00EF73E5 /* NetworkTools.swift */; };
		F5449F002498B2F000EF73E5 /* RecommendViewModel.swift in Sources */ = {isa = PBXBuildFile; fileRef = F5449EFF2498B2F000EF73E5 /* RecommendViewModel.swift */; };
		F59D88E72491D8C300DC6238 /* AppDelegate.swift in Sources */ = {isa = PBXBuildFile; fileRef = F59D88E62491D8C300DC6238 /* AppDelegate.swift */; };
		F59D88F02491D8C500DC6238 /* Assets.xcassets in Resources */ = {isa = PBXBuildFile; fileRef = F59D88EF2491D8C500DC6238 /* Assets.xcassets */; };
		F59D88F32491D8C500DC6238 /* LaunchScreen.storyboard in Resources */ = {isa = PBXBuildFile; fileRef = F59D88F12491D8C500DC6238 /* LaunchScreen.storyboard */; };
		F59D89072491E1A900DC6238 /* Live.storyboard in Resources */ = {isa = PBXBuildFile; fileRef = F59D89062491E1A900DC6238 /* Live.storyboard */; };
		F59D890C2491E1CE00DC6238 /* Me.storyboard in Resources */ = {isa = PBXBuildFile; fileRef = F59D890B2491E1CE00DC6238 /* Me.storyboard */; };
		F59D890E2491E24300DC6238 /* MainViewController.swift in Sources */ = {isa = PBXBuildFile; fileRef = F59D890D2491E24300DC6238 /* MainViewController.swift */; };
		F59D89132491E46700DC6238 /* Follow.storyboard in Resources */ = {isa = PBXBuildFile; fileRef = F59D89122491E46700DC6238 /* Follow.storyboard */; };
		F59D891C2491E84200DC6238 /* Main.storyboard in Resources */ = {isa = PBXBuildFile; fileRef = F59D891B2491E84100DC6238 /* Main.storyboard */; };
		F59D891E2491E88100DC6238 /* Home.storyboard in Resources */ = {isa = PBXBuildFile; fileRef = F59D891D2491E88100DC6238 /* Home.storyboard */; };
		F59D89202491F1DB00DC6238 /* HomeViewController.swift in Sources */ = {isa = PBXBuildFile; fileRef = F59D891F2491F1DB00DC6238 /* HomeViewController.swift */; };
		F59D89232491F5AC00DC6238 /* UIBarButtonItem-Extension.swift in Sources */ = {isa = PBXBuildFile; fileRef = F59D89222491F5AC00DC6238 /* UIBarButtonItem-Extension.swift */; };
		F59D89252491FD0500DC6238 /* PageTitleView.swift in Sources */ = {isa = PBXBuildFile; fileRef = F59D89242491FD0500DC6238 /* PageTitleView.swift */; };
		F59D89272491FF8B00DC6238 /* Common.swift in Sources */ = {isa = PBXBuildFile; fileRef = F59D89262491FF8B00DC6238 /* Common.swift */; };
		F59DF7012499FD7C00BF7674 /* NSDate-Extension.swift in Sources */ = {isa = PBXBuildFile; fileRef = F59DF7002499FD7C00BF7674 /* NSDate-Extension.swift */; };
		F59DF703249A0B8800BF7674 /* AnchorDataItem.swift in Sources */ = {isa = PBXBuildFile; fileRef = F59DF702249A0B8800BF7674 /* AnchorDataItem.swift */; };
		F59DF705249A111700BF7674 /* AnchorModel.swift in Sources */ = {isa = PBXBuildFile; fileRef = F59DF704249A111700BF7674 /* AnchorModel.swift */; };
		F59DF707249A2BDF00BF7674 /* CollectionBaseCell.swift in Sources */ = {isa = PBXBuildFile; fileRef = F59DF706249A2BDF00BF7674 /* CollectionBaseCell.swift */; };
		F5D6849B24923E17003F5C2B /* PageContentView.swift in Sources */ = {isa = PBXBuildFile; fileRef = F5D6849A24923E17003F5C2B /* PageContentView.swift */; };
		F5D6849D249241CC003F5C2B /* UIColor-Extention.swift in Sources */ = {isa = PBXBuildFile; fileRef = F5D6849C249241CC003F5C2B /* UIColor-Extention.swift */; };
/* End PBXBuildFile section */

/* Begin PBXFileReference section */
		20CBBEAD1CF9CEF245BA83E6 /* Pods-DouYuTV.release.xcconfig */ = {isa = PBXFileReference; includeInIndex = 1; lastKnownFileType = text.xcconfig; name = "Pods-DouYuTV.release.xcconfig"; path = "Target Support Files/Pods-DouYuTV/Pods-DouYuTV.release.xcconfig"; sourceTree = "<group>"; };
		5F1FE4321DB8A87993CFC056 /* Pods-DouYuTV.debug.xcconfig */ = {isa = PBXFileReference; includeInIndex = 1; lastKnownFileType = text.xcconfig; name = "Pods-DouYuTV.debug.xcconfig"; path = "Target Support Files/Pods-DouYuTV/Pods-DouYuTV.debug.xcconfig"; sourceTree = "<group>"; };
		B8107EBB091360DA78B457EF /* Pods_DouYuTV.framework */ = {isa = PBXFileReference; explicitFileType = wrapper.framework; includeInIndex = 0; path = Pods_DouYuTV.framework; sourceTree = BUILT_PRODUCTS_DIR; };
		F5449EE824976E3D00EF73E5 /* RecommendViewController.swift */ = {isa = PBXFileReference; lastKnownFileType = sourcecode.swift; path = RecommendViewController.swift; sourceTree = "<group>"; };
		F5449EEE24977F7800EF73E5 /* CollectionHeaderView.swift */ = {isa = PBXFileReference; lastKnownFileType = sourcecode.swift; path = CollectionHeaderView.swift; sourceTree = "<group>"; };
		F5449EEF24977F7800EF73E5 /* CollectionHeaderView.xib */ = {isa = PBXFileReference; lastKnownFileType = file.xib; path = CollectionHeaderView.xib; sourceTree = "<group>"; };
		F5449EF22497828D00EF73E5 /* CollectionNormalCell.swift */ = {isa = PBXFileReference; lastKnownFileType = sourcecode.swift; path = CollectionNormalCell.swift; sourceTree = "<group>"; };
		F5449EF32497828D00EF73E5 /* CollectionNormalCell.xib */ = {isa = PBXFileReference; lastKnownFileType = file.xib; path = CollectionNormalCell.xib; sourceTree = "<group>"; };
		F5449EF62497868500EF73E5 /* CollectionPrettyCell.swift */ = {isa = PBXFileReference; lastKnownFileType = sourcecode.swift; path = CollectionPrettyCell.swift; sourceTree = "<group>"; };
		F5449EF72497868500EF73E5 /* CollectionPrettyCell.xib */ = {isa = PBXFileReference; lastKnownFileType = file.xib; path = CollectionPrettyCell.xib; sourceTree = "<group>"; };
		F5449EFC2498A6EF00EF73E5 /* NetworkTools.swift */ = {isa = PBXFileReference; lastKnownFileType = sourcecode.swift; path = NetworkTools.swift; sourceTree = "<group>"; };
		F5449EFF2498B2F000EF73E5 /* RecommendViewModel.swift */ = {isa = PBXFileReference; lastKnownFileType = sourcecode.swift; path = RecommendViewModel.swift; sourceTree = "<group>"; };
		F59D88E32491D8C300DC6238 /* DouYuTV.app */ = {isa = PBXFileReference; explicitFileType = wrapper.application; includeInIndex = 0; path = DouYuTV.app; sourceTree = BUILT_PRODUCTS_DIR; };
		F59D88E62491D8C300DC6238 /* AppDelegate.swift */ = {isa = PBXFileReference; lastKnownFileType = sourcecode.swift; path = AppDelegate.swift; sourceTree = "<group>"; };
		F59D88EF2491D8C500DC6238 /* Assets.xcassets */ = {isa = PBXFileReference; lastKnownFileType = folder.assetcatalog; path = Assets.xcassets; sourceTree = "<group>"; };
		F59D88F22491D8C500DC6238 /* Base */ = {isa = PBXFileReference; lastKnownFileType = file.storyboard; name = Base; path = Base.lproj/LaunchScreen.storyboard; sourceTree = "<group>"; };
		F59D88F42491D8C500DC6238 /* Info.plist */ = {isa = PBXFileReference; lastKnownFileType = text.plist.xml; path = Info.plist; sourceTree = "<group>"; };
		F59D89062491E1A900DC6238 /* Live.storyboard */ = {isa = PBXFileReference; fileEncoding = 4; lastKnownFileType = file.storyboard; path = Live.storyboard; sourceTree = "<group>"; };
		F59D890B2491E1CE00DC6238 /* Me.storyboard */ = {isa = PBXFileReference; fileEncoding = 4; lastKnownFileType = file.storyboard; path = Me.storyboard; sourceTree = "<group>"; };
		F59D890D2491E24300DC6238 /* MainViewController.swift */ = {isa = PBXFileReference; lastKnownFileType = sourcecode.swift; path = MainViewController.swift; sourceTree = "<group>"; };
		F59D89122491E46700DC6238 /* Follow.storyboard */ = {isa = PBXFileReference; fileEncoding = 4; lastKnownFileType = file.storyboard; path = Follow.storyboard; sourceTree = "<group>"; };
		F59D891B2491E84100DC6238 /* Main.storyboard */ = {isa = PBXFileReference; fileEncoding = 4; lastKnownFileType = file.storyboard; path = Main.storyboard; sourceTree = "<group>"; };
		F59D891D2491E88100DC6238 /* Home.storyboard */ = {isa = PBXFileReference; fileEncoding = 4; lastKnownFileType = file.storyboard; path = Home.storyboard; sourceTree = "<group>"; };
		F59D891F2491F1DB00DC6238 /* HomeViewController.swift */ = {isa = PBXFileReference; lastKnownFileType = sourcecode.swift; path = HomeViewController.swift; sourceTree = "<group>"; };
		F59D89222491F5AC00DC6238 /* UIBarButtonItem-Extension.swift */ = {isa = PBXFileReference; lastKnownFileType = sourcecode.swift; path = "UIBarButtonItem-Extension.swift"; sourceTree = "<group>"; };
		F59D89242491FD0500DC6238 /* PageTitleView.swift */ = {isa = PBXFileReference; lastKnownFileType = sourcecode.swift; path = PageTitleView.swift; sourceTree = "<group>"; };
		F59D89262491FF8B00DC6238 /* Common.swift */ = {isa = PBXFileReference; lastKnownFileType = sourcecode.swift; path = Common.swift; sourceTree = "<group>"; };
		F59DF7002499FD7C00BF7674 /* NSDate-Extension.swift */ = {isa = PBXFileReference; lastKnownFileType = sourcecode.swift; path = "NSDate-Extension.swift"; sourceTree = "<group>"; };
		F59DF702249A0B8800BF7674 /* AnchorDataItem.swift */ = {isa = PBXFileReference; lastKnownFileType = sourcecode.swift; path = AnchorDataItem.swift; sourceTree = "<group>"; };
		F59DF704249A111700BF7674 /* AnchorModel.swift */ = {isa = PBXFileReference; lastKnownFileType = sourcecode.swift; path = AnchorModel.swift; sourceTree = "<group>"; };
		F59DF706249A2BDF00BF7674 /* CollectionBaseCell.swift */ = {isa = PBXFileReference; lastKnownFileType = sourcecode.swift; path = CollectionBaseCell.swift; sourceTree = "<group>"; };
		F5D6849A24923E17003F5C2B /* PageContentView.swift */ = {isa = PBXFileReference; lastKnownFileType = sourcecode.swift; path = PageContentView.swift; sourceTree = "<group>"; };
		F5D6849C249241CC003F5C2B /* UIColor-Extention.swift */ = {isa = PBXFileReference; lastKnownFileType = sourcecode.swift; path = "UIColor-Extention.swift"; sourceTree = "<group>"; };
/* End PBXFileReference section */

/* Begin PBXFrameworksBuildPhase section */
		F59D88E02491D8C300DC6238 /* Frameworks */ = {
			isa = PBXFrameworksBuildPhase;
			buildActionMask = 2147483647;
			files = (
				D3D4BE5C353A7DA561B9CF95 /* Pods_DouYuTV.framework in Frameworks */,
			);
			runOnlyForDeploymentPostprocessing = 0;
		};
/* End PBXFrameworksBuildPhase section */

/* Begin PBXGroup section */
		4952686A63D41F91AAFA9064 /* Frameworks */ = {
			isa = PBXGroup;
			children = (
				B8107EBB091360DA78B457EF /* Pods_DouYuTV.framework */,
			);
			name = Frameworks;
			sourceTree = "<group>";
		};
		CF2D02931B0D6FC36316B771 /* Pods */ = {
			isa = PBXGroup;
			children = (
				5F1FE4321DB8A87993CFC056 /* Pods-DouYuTV.debug.xcconfig */,
				20CBBEAD1CF9CEF245BA83E6 /* Pods-DouYuTV.release.xcconfig */,
			);
			path = Pods;
			sourceTree = "<group>";
		};
		F5449EFE2498B2B600EF73E5 /* ViewModal */ = {
			isa = PBXGroup;
			children = (
				F5449EFF2498B2F000EF73E5 /* RecommendViewModel.swift */,
			);
			path = ViewModal;
			sourceTree = "<group>";
		};
		F59D88DA2491D8C300DC6238 = {
			isa = PBXGroup;
			children = (
				F59D88E52491D8C300DC6238 /* DouYuTV */,
				F59D88E42491D8C300DC6238 /* Products */,
				CF2D02931B0D6FC36316B771 /* Pods */,
				4952686A63D41F91AAFA9064 /* Frameworks */,
			);
			sourceTree = "<group>";
		};
		F59D88E42491D8C300DC6238 /* Products */ = {
			isa = PBXGroup;
			children = (
				F59D88E32491D8C300DC6238 /* DouYuTV.app */,
			);
			name = Products;
			sourceTree = "<group>";
		};
		F59D88E52491D8C300DC6238 /* DouYuTV */ = {
			isa = PBXGroup;
			children = (
				F59D88FA2491DB0B00DC6238 /* Room */,
				F59D88E62491D8C300DC6238 /* AppDelegate.swift */,
				F59D88EF2491D8C500DC6238 /* Assets.xcassets */,
				F59D88F12491D8C500DC6238 /* LaunchScreen.storyboard */,
				F59D88F42491D8C500DC6238 /* Info.plist */,
			);
			path = DouYuTV;
			sourceTree = "<group>";
		};
		F59D88FA2491DB0B00DC6238 /* Room */ = {
			isa = PBXGroup;
			children = (
				F59D88FB2491DB1500DC6238 /* Main */,
				F59D88FC2491DB1E00DC6238 /* Home */,
				F59D88FD2491DB2D00DC6238 /* Live */,
				F59D88FE2491DB7F00DC6238 /* Follow */,
				F59D88FF2491DB8B00DC6238 /* Me */,
				F59D89002491DB9700DC6238 /* Tools */,
			);
			path = Room;
			sourceTree = "<group>";
		};
		F59D88FB2491DB1500DC6238 /* Main */ = {
			isa = PBXGroup;
			children = (
				F59D89192491E52200DC6238 /* Model */,
				F59D891A2491E52200DC6238 /* View */,
				F59D89182491E52200DC6238 /* Controllor */,
			);
			path = Main;
			sourceTree = "<group>";
		};
		F59D88FC2491DB1E00DC6238 /* Home */ = {
			isa = PBXGroup;
			children = (
				F5449EFE2498B2B600EF73E5 /* ViewModal */,
				F59D89112491E3A600DC6238 /* Model */,
				F59D89102491E39E00DC6238 /* View */,
				F59D890F2491E39500DC6238 /* Controllor */,
			);
			path = Home;
			sourceTree = "<group>";
		};
		F59D88FD2491DB2D00DC6238 /* Live */ = {
			isa = PBXGroup;
			children = (
				F59D89062491E1A900DC6238 /* Live.storyboard */,
			);
			path = Live;
			sourceTree = "<group>";
		};
		F59D88FE2491DB7F00DC6238 /* Follow */ = {
			isa = PBXGroup;
			children = (
				F59D89122491E46700DC6238 /* Follow.storyboard */,
			);
			path = Follow;
			sourceTree = "<group>";
		};
		F59D88FF2491DB8B00DC6238 /* Me */ = {
			isa = PBXGroup;
			children = (
				F59D890B2491E1CE00DC6238 /* Me.storyboard */,
			);
			path = Me;
			sourceTree = "<group>";
		};
		F59D89002491DB9700DC6238 /* Tools */ = {
			isa = PBXGroup;
			children = (
				F59D89212491F57E00DC6238 /* extension */,
				F59D89262491FF8B00DC6238 /* Common.swift */,
				F5449EFC2498A6EF00EF73E5 /* NetworkTools.swift */,
			);
			path = Tools;
			sourceTree = "<group>";
		};
		F59D890F2491E39500DC6238 /* Controllor */ = {
			isa = PBXGroup;
			children = (
				F59D891D2491E88100DC6238 /* Home.storyboard */,
				F59D891F2491F1DB00DC6238 /* HomeViewController.swift */,
				F5449EE824976E3D00EF73E5 /* RecommendViewController.swift */,
			);
			path = Controllor;
			sourceTree = "<group>";
		};
		F59D89102491E39E00DC6238 /* View */ = {
			isa = PBXGroup;
			children = (
				F5449EEE24977F7800EF73E5 /* CollectionHeaderView.swift */,
				F5449EEF24977F7800EF73E5 /* CollectionHeaderView.xib */,
			);
			path = View;
			sourceTree = "<group>";
		};
		F59D89112491E3A600DC6238 /* Model */ = {
			isa = PBXGroup;
			children = (
			);
			path = Model;
			sourceTree = "<group>";
		};
		F59D89182491E52200DC6238 /* Controllor */ = {
			isa = PBXGroup;
			children = (
				F59D890D2491E24300DC6238 /* MainViewController.swift */,
				F59D891B2491E84100DC6238 /* Main.storyboard */,
			);
			path = Controllor;
			sourceTree = "<group>";
		};
		F59D89192491E52200DC6238 /* Model */ = {
			isa = PBXGroup;
			children = (
				F59DF702249A0B8800BF7674 /* AnchorDataItem.swift */,
				F59DF704249A111700BF7674 /* AnchorModel.swift */,
			);
			path = Model;
			sourceTree = "<group>";
		};
		F59D891A2491E52200DC6238 /* View */ = {
			isa = PBXGroup;
			children = (
				F59D89242491FD0500DC6238 /* PageTitleView.swift */,
				F5D6849A24923E17003F5C2B /* PageContentView.swift */,
				F59DF706249A2BDF00BF7674 /* CollectionBaseCell.swift */,
				F5449EF22497828D00EF73E5 /* CollectionNormalCell.swift */,
				F5449EF32497828D00EF73E5 /* CollectionNormalCell.xib */,
				F5449EF62497868500EF73E5 /* CollectionPrettyCell.swift */,
				F5449EF72497868500EF73E5 /* CollectionPrettyCell.xib */,
			);
			path = View;
			sourceTree = "<group>";
		};
		F59D89212491F57E00DC6238 /* extension */ = {
			isa = PBXGroup;
			children = (
				F59D89222491F5AC00DC6238 /* UIBarButtonItem-Extension.swift */,
				F5D6849C249241CC003F5C2B /* UIColor-Extention.swift */,
				F59DF7002499FD7C00BF7674 /* NSDate-Extension.swift */,
			);
			path = extension;
			sourceTree = "<group>";
		};
/* End PBXGroup section */

/* Begin PBXNativeTarget section */
		F59D88E22491D8C300DC6238 /* DouYuTV */ = {
			isa = PBXNativeTarget;
			buildConfigurationList = F59D88F72491D8C500DC6238 /* Build configuration list for PBXNativeTarget "DouYuTV" */;
			buildPhases = (
				7ADBE05B4AEE6943913D75FB /* [CP] Check Pods Manifest.lock */,
				F59D88DF2491D8C300DC6238 /* Sources */,
				F59D88E02491D8C300DC6238 /* Frameworks */,
				F59D88E12491D8C300DC6238 /* Resources */,
				867B16384CB03DFC6F146C07 /* [CP] Embed Pods Frameworks */,
			);
			buildRules = (
			);
			dependencies = (
			);
			name = DouYuTV;
			productName = DouYuTV;
			productReference = F59D88E32491D8C300DC6238 /* DouYuTV.app */;
			productType = "com.apple.product-type.application";
		};
/* End PBXNativeTarget section */

/* Begin PBXProject section */
		F59D88DB2491D8C300DC6238 /* Project object */ = {
			isa = PBXProject;
			attributes = {
				LastSwiftUpdateCheck = 1150;
				LastUpgradeCheck = 1150;
				ORGANIZATIONNAME = "许一宁";
				TargetAttributes = {
					F59D88E22491D8C300DC6238 = {
						CreatedOnToolsVersion = 11.5;
					};
				};
			};
			buildConfigurationList = F59D88DE2491D8C300DC6238 /* Build configuration list for PBXProject "DouYuTV" */;
			compatibilityVersion = "Xcode 9.3";
			developmentRegion = en;
			hasScannedForEncodings = 0;
			knownRegions = (
				en,
				Base,
			);
			mainGroup = F59D88DA2491D8C300DC6238;
			productRefGroup = F59D88E42491D8C300DC6238 /* Products */;
			projectDirPath = "";
			projectRoot = "";
			targets = (
				F59D88E22491D8C300DC6238 /* DouYuTV */,
			);
		};
/* End PBXProject section */

/* Begin PBXResourcesBuildPhase section */
		F59D88E12491D8C300DC6238 /* Resources */ = {
			isa = PBXResourcesBuildPhase;
			buildActionMask = 2147483647;
			files = (
				F59D891E2491E88100DC6238 /* Home.storyboard in Resources */,
				F5449EF124977F7800EF73E5 /* CollectionHeaderView.xib in Resources */,
				F5449EF52497828D00EF73E5 /* CollectionNormalCell.xib in Resources */,
				F59D891C2491E84200DC6238 /* Main.storyboard in Resources */,
				F59D88F32491D8C500DC6238 /* LaunchScreen.storyboard in Resources */,
				F59D88F02491D8C500DC6238 /* Assets.xcassets in Resources */,
				F59D89072491E1A900DC6238 /* Live.storyboard in Resources */,
				F5449EF92497868500EF73E5 /* CollectionPrettyCell.xib in Resources */,
				F59D89132491E46700DC6238 /* Follow.storyboard in Resources */,
				F59D890C2491E1CE00DC6238 /* Me.storyboard in Resources */,
			);
			runOnlyForDeploymentPostprocessing = 0;
		};
/* End PBXResourcesBuildPhase section */

/* Begin PBXShellScriptBuildPhase section */
		7ADBE05B4AEE6943913D75FB /* [CP] Check Pods Manifest.lock */ = {
			isa = PBXShellScriptBuildPhase;
			buildActionMask = 2147483647;
			files = (
			);
			inputFileListPaths = (
			);
			inputPaths = (
				"${PODS_PODFILE_DIR_PATH}/Podfile.lock",
				"${PODS_ROOT}/Manifest.lock",
			);
			name = "[CP] Check Pods Manifest.lock";
			outputFileListPaths = (
			);
			outputPaths = (
				"$(DERIVED_FILE_DIR)/Pods-DouYuTV-checkManifestLockResult.txt",
			);
			runOnlyForDeploymentPostprocessing = 0;
			shellPath = /bin/sh;
			shellScript = "diff \"${PODS_PODFILE_DIR_PATH}/Podfile.lock\" \"${PODS_ROOT}/Manifest.lock\" > /dev/null\nif [ $? != 0 ] ; then\n    # print error to STDERR\n    echo \"error: The sandbox is not in sync with the Podfile.lock. Run 'pod install' or update your CocoaPods installation.\" >&2\n    exit 1\nfi\n# This output is used by Xcode 'outputs' to avoid re-running this script phase.\necho \"SUCCESS\" > \"${SCRIPT_OUTPUT_FILE_0}\"\n";
			showEnvVarsInLog = 0;
		};
		867B16384CB03DFC6F146C07 /* [CP] Embed Pods Frameworks */ = {
			isa = PBXShellScriptBuildPhase;
			buildActionMask = 2147483647;
			files = (
			);
			inputFileListPaths = (
				"${PODS_ROOT}/Target Support Files/Pods-DouYuTV/Pods-DouYuTV-frameworks-${CONFIGURATION}-input-files.xcfilelist",
			);
			name = "[CP] Embed Pods Frameworks";
			outputFileListPaths = (
				"${PODS_ROOT}/Target Support Files/Pods-DouYuTV/Pods-DouYuTV-frameworks-${CONFIGURATION}-output-files.xcfilelist",
			);
			runOnlyForDeploymentPostprocessing = 0;
			shellPath = /bin/sh;
			shellScript = "\"${PODS_ROOT}/Target Support Files/Pods-DouYuTV/Pods-DouYuTV-frameworks.sh\"\n";
			showEnvVarsInLog = 0;
		};
/* End PBXShellScriptBuildPhase section */

/* Begin PBXSourcesBuildPhase section */
		F59D88DF2491D8C300DC6238 /* Sources */ = {
			isa = PBXSourcesBuildPhase;
			buildActionMask = 2147483647;
			files = (
				F59D88E72491D8C300DC6238 /* AppDelegate.swift in Sources */,
				F5449EF024977F7800EF73E5 /* CollectionHeaderView.swift in Sources */,
				F59D890E2491E24300DC6238 /* MainViewController.swift in Sources */,
				F5449EE924976E3D00EF73E5 /* RecommendViewController.swift in Sources */,
				F59DF703249A0B8800BF7674 /* AnchorDataItem.swift in Sources */,
				F5D6849D249241CC003F5C2B /* UIColor-Extention.swift in Sources */,
				F59D89252491FD0500DC6238 /* PageTitleView.swift in Sources */,
				F5D6849B24923E17003F5C2B /* PageContentView.swift in Sources */,
				F59D89232491F5AC00DC6238 /* UIBarButtonItem-Extension.swift in Sources */,
				F59D89272491FF8B00DC6238 /* Common.swift in Sources */,
				F5449EF82497868500EF73E5 /* CollectionPrettyCell.swift in Sources */,
				F59DF7012499FD7C00BF7674 /* NSDate-Extension.swift in Sources */,
				F59DF707249A2BDF00BF7674 /* CollectionBaseCell.swift in Sources */,
				F5449EF42497828D00EF73E5 /* CollectionNormalCell.swift in Sources */,
				F5449EFD2498A6EF00EF73E5 /* NetworkTools.swift in Sources */,
				F59DF705249A111700BF7674 /* AnchorModel.swift in Sources */,
				F59D89202491F1DB00DC6238 /* HomeViewController.swift in Sources */,
				F5449F002498B2F000EF73E5 /* RecommendViewModel.swift in Sources */,
			);
			runOnlyForDeploymentPostprocessing = 0;
		};
/* End PBXSourcesBuildPhase section */

/* Begin PBXVariantGroup section */
		F59D88F12491D8C500DC6238 /* LaunchScreen.storyboard */ = {
			isa = PBXVariantGroup;
			children = (
				F59D88F22491D8C500DC6238 /* Base */,
			);
			name = LaunchScreen.storyboard;
			sourceTree = "<group>";
		};
/* End PBXVariantGroup section */

/* Begin XCBuildConfiguration section */
		F59D88F52491D8C500DC6238 /* Debug */ = {
			isa = XCBuildConfiguration;
			buildSettings = {
				ALWAYS_SEARCH_USER_PATHS = NO;
				CLANG_ANALYZER_NONNULL = YES;
				CLANG_ANALYZER_NUMBER_OBJECT_CONVERSION = YES_AGGRESSIVE;
				CLANG_CXX_LANGUAGE_STANDARD = "gnu++14";
				CLANG_CXX_LIBRARY = "libc++";
				CLANG_ENABLE_MODULES = YES;
				CLANG_ENABLE_OBJC_ARC = YES;
				CLANG_ENABLE_OBJC_WEAK = YES;
				CLANG_WARN_BLOCK_CAPTURE_AUTORELEASING = YES;
				CLANG_WARN_BOOL_CONVERSION = YES;
				CLANG_WARN_COMMA = YES;
				CLANG_WARN_CONSTANT_CONVERSION = YES;
				CLANG_WARN_DEPRECATED_OBJC_IMPLEMENTATIONS = YES;
				CLANG_WARN_DIRECT_OBJC_ISA_USAGE = YES_ERROR;
				CLANG_WARN_DOCUMENTATION_COMMENTS = YES;
				CLANG_WARN_EMPTY_BODY = YES;
				CLANG_WARN_ENUM_CONVERSION = YES;
				CLANG_WARN_INFINITE_RECURSION = YES;
				CLANG_WARN_INT_CONVERSION = YES;
				CLANG_WARN_NON_LITERAL_NULL_CONVERSION = YES;
				CLANG_WARN_OBJC_IMPLICIT_RETAIN_SELF = YES;
				CLANG_WARN_OBJC_LITERAL_CONVERSION = YES;
				CLANG_WARN_OBJC_ROOT_CLASS = YES_ERROR;
				CLANG_WARN_RANGE_LOOP_ANALYSIS = YES;
				CLANG_WARN_STRICT_PROTOTYPES = YES;
				CLANG_WARN_SUSPICIOUS_MOVE = YES;
				CLANG_WARN_UNGUARDED_AVAILABILITY = YES_AGGRESSIVE;
				CLANG_WARN_UNREACHABLE_CODE = YES;
				CLANG_WARN__DUPLICATE_METHOD_MATCH = YES;
				COPY_PHASE_STRIP = NO;
				DEBUG_INFORMATION_FORMAT = dwarf;
				ENABLE_STRICT_OBJC_MSGSEND = YES;
				ENABLE_TESTABILITY = YES;
				GCC_C_LANGUAGE_STANDARD = gnu11;
				GCC_DYNAMIC_NO_PIC = NO;
				GCC_NO_COMMON_BLOCKS = YES;
				GCC_OPTIMIZATION_LEVEL = 0;
				GCC_PREPROCESSOR_DEFINITIONS = (
					"DEBUG=1",
					"$(inherited)",
				);
				GCC_WARN_64_TO_32_BIT_CONVERSION = YES;
				GCC_WARN_ABOUT_RETURN_TYPE = YES_ERROR;
				GCC_WARN_UNDECLARED_SELECTOR = YES;
				GCC_WARN_UNINITIALIZED_AUTOS = YES_AGGRESSIVE;
				GCC_WARN_UNUSED_FUNCTION = YES;
				GCC_WARN_UNUSED_VARIABLE = YES;
				IPHONEOS_DEPLOYMENT_TARGET = 13.5;
				MTL_ENABLE_DEBUG_INFO = INCLUDE_SOURCE;
				MTL_FAST_MATH = YES;
				ONLY_ACTIVE_ARCH = YES;
				SDKROOT = iphoneos;
				SWIFT_ACTIVE_COMPILATION_CONDITIONS = DEBUG;
				SWIFT_OPTIMIZATION_LEVEL = "-Onone";
			};
			name = Debug;
		};
		F59D88F62491D8C500DC6238 /* Release */ = {
			isa = XCBuildConfiguration;
			buildSettings = {
				ALWAYS_SEARCH_USER_PATHS = NO;
				CLANG_ANALYZER_NONNULL = YES;
				CLANG_ANALYZER_NUMBER_OBJECT_CONVERSION = YES_AGGRESSIVE;
				CLANG_CXX_LANGUAGE_STANDARD = "gnu++14";
				CLANG_CXX_LIBRARY = "libc++";
				CLANG_ENABLE_MODULES = YES;
				CLANG_ENABLE_OBJC_ARC = YES;
				CLANG_ENABLE_OBJC_WEAK = YES;
				CLANG_WARN_BLOCK_CAPTURE_AUTORELEASING = YES;
				CLANG_WARN_BOOL_CONVERSION = YES;
				CLANG_WARN_COMMA = YES;
				CLANG_WARN_CONSTANT_CONVERSION = YES;
				CLANG_WARN_DEPRECATED_OBJC_IMPLEMENTATIONS = YES;
				CLANG_WARN_DIRECT_OBJC_ISA_USAGE = YES_ERROR;
				CLANG_WARN_DOCUMENTATION_COMMENTS = YES;
				CLANG_WARN_EMPTY_BODY = YES;
				CLANG_WARN_ENUM_CONVERSION = YES;
				CLANG_WARN_INFINITE_RECURSION = YES;
				CLANG_WARN_INT_CONVERSION = YES;
				CLANG_WARN_NON_LITERAL_NULL_CONVERSION = YES;
				CLANG_WARN_OBJC_IMPLICIT_RETAIN_SELF = YES;
				CLANG_WARN_OBJC_LITERAL_CONVERSION = YES;
				CLANG_WARN_OBJC_ROOT_CLASS = YES_ERROR;
				CLANG_WARN_RANGE_LOOP_ANALYSIS = YES;
				CLANG_WARN_STRICT_PROTOTYPES = YES;
				CLANG_WARN_SUSPICIOUS_MOVE = YES;
				CLANG_WARN_UNGUARDED_AVAILABILITY = YES_AGGRESSIVE;
				CLANG_WARN_UNREACHABLE_CODE = YES;
				CLANG_WARN__DUPLICATE_METHOD_MATCH = YES;
				COPY_PHASE_STRIP = NO;
				DEBUG_INFORMATION_FORMAT = "dwarf-with-dsym";
				ENABLE_NS_ASSERTIONS = NO;
				ENABLE_STRICT_OBJC_MSGSEND = YES;
				GCC_C_LANGUAGE_STANDARD = gnu11;
				GCC_NO_COMMON_BLOCKS = YES;
				GCC_WARN_64_TO_32_BIT_CONVERSION = YES;
				GCC_WARN_ABOUT_RETURN_TYPE = YES_ERROR;
				GCC_WARN_UNDECLARED_SELECTOR = YES;
				GCC_WARN_UNINITIALIZED_AUTOS = YES_AGGRESSIVE;
				GCC_WARN_UNUSED_FUNCTION = YES;
				GCC_WARN_UNUSED_VARIABLE = YES;
				IPHONEOS_DEPLOYMENT_TARGET = 13.5;
				MTL_ENABLE_DEBUG_INFO = NO;
				MTL_FAST_MATH = YES;
				SDKROOT = iphoneos;
				SWIFT_COMPILATION_MODE = wholemodule;
				SWIFT_OPTIMIZATION_LEVEL = "-O";
				VALIDATE_PRODUCT = YES;
			};
			name = Release;
		};
		F59D88F82491D8C500DC6238 /* Debug */ = {
			isa = XCBuildConfiguration;
			baseConfigurationReference = 5F1FE4321DB8A87993CFC056 /* Pods-DouYuTV.debug.xcconfig */;
			buildSettings = {
				ASSETCATALOG_COMPILER_APPICON_NAME = AppIcon;
				CODE_SIGN_STYLE = Automatic;
				INFOPLIST_FILE = DouYuTV/Info.plist;
				IPHONEOS_DEPLOYMENT_TARGET = 10.0;
				LD_RUNPATH_SEARCH_PATHS = (
					"$(inherited)",
					"@executable_path/Frameworks",
				);
				PRODUCT_BUNDLE_IDENTIFIER = com.test.ad.DouYuTV;
				PRODUCT_NAME = "$(TARGET_NAME)";
				SWIFT_VERSION = 5.0;
				TARGETED_DEVICE_FAMILY = "1,2";
			};
			name = Debug;
		};
		F59D88F92491D8C500DC6238 /* Release */ = {
			isa = XCBuildConfiguration;
			baseConfigurationReference = 20CBBEAD1CF9CEF245BA83E6 /* Pods-DouYuTV.release.xcconfig */;
			buildSettings = {
				ASSETCATALOG_COMPILER_APPICON_NAME = AppIcon;
				CODE_SIGN_STYLE = Automatic;
				INFOPLIST_FILE = DouYuTV/Info.plist;
				IPHONEOS_DEPLOYMENT_TARGET = 10.0;
				LD_RUNPATH_SEARCH_PATHS = (
					"$(inherited)",
					"@executable_path/Frameworks",
				);
				PRODUCT_BUNDLE_IDENTIFIER = com.test.ad.DouYuTV;
				PRODUCT_NAME = "$(TARGET_NAME)";
				SWIFT_VERSION = 5.0;
				TARGETED_DEVICE_FAMILY = "1,2";
			};
			name = Release;
		};
/* End XCBuildConfiguration section */

/* Begin XCConfigurationList section */
		F59D88DE2491D8C300DC6238 /* Build configuration list for PBXProject "DouYuTV" */ = {
			isa = XCConfigurationList;
			buildConfigurations = (
				F59D88F52491D8C500DC6238 /* Debug */,
				F59D88F62491D8C500DC6238 /* Release */,
			);
			defaultConfigurationIsVisible = 0;
			defaultConfigurationName = Release;
		};
		F59D88F72491D8C500DC6238 /* Build configuration list for PBXNativeTarget "DouYuTV" */ = {
			isa = XCConfigurationList;
			buildConfigurations = (
				F59D88F82491D8C500DC6238 /* Debug */,
				F59D88F92491D8C500DC6238 /* Release */,
			);
			defaultConfigurationIsVisible = 0;
			defaultConfigurationName = Release;
		};
/* End XCConfigurationList section */
	};
	rootObject = F59D88DB2491D8C300DC6238 /* Project object */;
}
